{
  "name": "server",
  "lockfileVersion": 2,
  "requires": true,
  "packages": {
    "": {
      "dependencies": {
        "noisejs": "^2.1.0",
        "pngjs": "^6.0.0"
      }
    },
    "node_modules/noisejs": {
      "version": "2.1.0",
      "resolved": "https://registry.npmjs.org/noisejs/-/noisejs-2.1.0.tgz",
      "integrity": "sha512-sw39KaUS2YBta6apZ0/H+nnCsUyxT/ZRxgv/HnDxx6pWO2e2nUmWgLhpOaQdlxxkFepIpxDrlXy3fHVx0S3SLg=="
    },
    "node_modules/pngjs": {
      "version": "6.0.0",
      "resolved": "https://registry.npmjs.org/pngjs/-/pngjs-6.0.0.tgz",
      "integrity": "sha512-TRzzuFRRmEoSW/p1KVAmiOgPco2Irlah+bGFCeNfJXxxYGwSw7YwAOAcd7X28K/m5bjBWKsC29KyoMfHbypayg==",
      "engines": {
        "node": ">=12.13.0"
      }
    }
  },
  "dependencies": {
    "noisejs": {
      "version": "2.1.0",
      "resolved": "https://registry.npmjs.org/noisejs/-/noisejs-2.1.0.tgz",
      "integrity": "sha512-sw39KaUS2YBta6apZ0/H+nnCsUyxT/ZRxgv/HnDxx6pWO2e2nUmWgLhpOaQdlxxkFepIpxDrlXy3fHVx0S3SLg=="
    },
    "pngjs": {
      "version": "6.0.0",
      "resolved": "https://registry.npmjs.org/pngjs/-/pngjs-6.0.0.tgz",
      "integrity": "sha512-TRzzuFRRmEoSW/p1KVAmiOgPco2Irlah+bGFCeNfJXxxYGwSw7YwAOAcd7X28K/m5bjBWKsC29KyoMfHbypayg=="
    }
  }
}
